// !$*UTF8*$!
{
	archiveVersion = 1;
	classes = {
	};
	objectVersion = 46;
	objects = {

/* Begin PBXBuildFile section */
		D0624A68180460D800F88B2B /* Foundation.framework in Frameworks */ = {isa = PBXBuildFile; fileRef = D0624A67180460D800F88B2B /* Foundation.framework */; };
		D0624A6A180460D800F88B2B /* CoreGraphics.framework in Frameworks */ = {isa = PBXBuildFile; fileRef = D0624A69180460D800F88B2B /* CoreGraphics.framework */; };
		D0624A6C180460D800F88B2B /* UIKit.framework in Frameworks */ = {isa = PBXBuildFile; fileRef = D0624A6B180460D800F88B2B /* UIKit.framework */; };
		D0624A72180460D800F88B2B /* InfoPlist.strings in Resources */ = {isa = PBXBuildFile; fileRef = D0624A70180460D800F88B2B /* InfoPlist.strings */; };
		D0624A74180460D800F88B2B /* main.m in Sources */ = {isa = PBXBuildFile; fileRef = D0624A73180460D800F88B2B /* main.m */; };
		D0624A78180460D800F88B2B /* AppDelegate.m in Sources */ = {isa = PBXBuildFile; fileRef = D0624A77180460D800F88B2B /* AppDelegate.m */; };
		D0624A7B180460D800F88B2B /* Main.storyboard in Resources */ = {isa = PBXBuildFile; fileRef = D0624A79180460D800F88B2B /* Main.storyboard */; };
		D0624A7E180460D800F88B2B /* MasterViewController.m in Sources */ = {isa = PBXBuildFile; fileRef = D0624A7D180460D800F88B2B /* MasterViewController.m */; };
		D0624A81180460D800F88B2B /* DetailViewController.m in Sources */ = {isa = PBXBuildFile; fileRef = D0624A80180460D800F88B2B /* DetailViewController.m */; };
		D0624A83180460D800F88B2B /* Images.xcassets in Resources */ = {isa = PBXBuildFile; fileRef = D0624A82180460D800F88B2B /* Images.xcassets */; };
		D0624A8A180460D800F88B2B /* XCTest.framework in Frameworks */ = {isa = PBXBuildFile; fileRef = D0624A89180460D800F88B2B /* XCTest.framework */; };
		D0624A8B180460D800F88B2B /* Foundation.framework in Frameworks */ = {isa = PBXBuildFile; fileRef = D0624A67180460D800F88B2B /* Foundation.framework */; };
		D0624A8C180460D800F88B2B /* UIKit.framework in Frameworks */ = {isa = PBXBuildFile; fileRef = D0624A6B180460D800F88B2B /* UIKit.framework */; };
/* End PBXBuildFile section */

/* Begin PBXContainerItemProxy section */
		D0624A8D180460D800F88B2B /* PBXContainerItemProxy */ = {
			isa = PBXContainerItemProxy;
			containerPortal = D0624A5C180460D800F88B2B /* Project object */;
			proxyType = 1;
			remoteGlobalIDString = D0624A63180460D800F88B2B;
			remoteInfo = DynamicType;
		};
/* End PBXContainerItemProxy section */

/* Begin PBXFileReference section */
		D0624A64180460D800F88B2B /* DynamicType.app */ = {isa = PBXFileReference; explicitFileType = wrapper.application; includeInIndex = 0; path = DynamicType.app; sourceTree = BUILT_PRODUCTS_DIR; };
		D0624A67180460D800F88B2B /* Foundation.framework */ = {isa = PBXFileReference; lastKnownFileType = wrapper.framework; name = Foundation.framework; path = System/Library/Frameworks/Foundation.framework; sourceTree = SDKROOT; };
		D0624A69180460D800F88B2B /* CoreGraphics.framework */ = {isa = PBXFileReference; lastKnownFileType = wrapper.framework; name = CoreGraphics.framework; path = System/Library/Frameworks/CoreGraphics.framework; sourceTree = SDKROOT; };
		D0624A6B180460D800F88B2B /* UIKit.framework */ = {isa = PBXFileReference; lastKnownFileType = wrapper.framework; name = UIKit.framework; path = System/Library/Frameworks/UIKit.framework; sourceTree = SDKROOT; };
		D0624A6F180460D800F88B2B /* DynamicType-Info.plist */ = {isa = PBXFileReference; lastKnownFileType = text.plist.xml; path = "DynamicType-Info.plist"; sourceTree = "<group>"; };
		D0624A71180460D800F88B2B /* en */ = {isa = PBXFileReference; lastKnownFileType = text.plist.strings; name = en; path = en.lproj/InfoPlist.strings; sourceTree = "<group>"; };
		D0624A73180460D800F88B2B /* main.m */ = {isa = PBXFileReference; lastKnownFileType = sourcecode.c.objc; path = main.m; sourceTree = "<group>"; };
		D0624A75180460D800F88B2B /* DynamicType-Prefix.pch */ = {isa = PBXFileReference; lastKnownFileType = sourcecode.c.h; path = "DynamicType-Prefix.pch"; sourceTree = "<group>"; };
		D0624A76180460D800F88B2B /* AppDelegate.h */ = {isa = PBXFileReference; lastKnownFileType = sourcecode.c.h; path = AppDelegate.h; sourceTree = "<group>"; };
		D0624A77180460D800F88B2B /* AppDelegate.m */ = {isa = PBXFileReference; lastKnownFileType = sourcecode.c.objc; path = AppDelegate.m; sourceTree = "<group>"; };
		D0624A7A180460D800F88B2B /* Base */ = {isa = PBXFileReference; lastKnownFileType = file.storyboard; name = Base; path = Base.lproj/Main.storyboard; sourceTree = "<group>"; };
		D0624A7C180460D800F88B2B /* MasterViewController.h */ = {isa = PBXFileReference; lastKnownFileType = sourcecode.c.h; path = MasterViewController.h; sourceTree = "<group>"; };
		D0624A7D180460D800F88B2B /* MasterViewController.m */ = {isa = PBXFileReference; lastKnownFileType = sourcecode.c.objc; path = MasterViewController.m; sourceTree = "<group>"; };
		D0624A7F180460D800F88B2B /* DetailViewController.h */ = {isa = PBXFileReference; lastKnownFileType = sourcecode.c.h; path = DetailViewController.h; sourceTree = "<group>"; };
		D0624A80180460D800F88B2B /* DetailViewController.m */ = {isa = PBXFileReference; lastKnownFileType = sourcecode.c.objc; path = DetailViewController.m; sourceTree = "<group>"; };
		D0624A82180460D800F88B2B /* Images.xcassets */ = {isa = PBXFileReference; lastKnownFileType = folder.assetcatalog; path = Images.xcassets; sourceTree = "<group>"; };
		D0624A88180460D800F88B2B /* DynamicTypeTests.xctest */ = {isa = PBXFileReference; explicitFileType = wrapper.cfbundle; includeInIndex = 0; path = DynamicTypeTests.xctest; sourceTree = BUILT_PRODUCTS_DIR; };
		D0624A89180460D800F88B2B /* XCTest.framework */ = {isa = PBXFileReference; lastKnownFileType = wrapper.framework; name = XCTest.framework; path = Library/Frameworks/XCTest.framework; sourceTree = DEVELOPER_DIR; };
/* End PBXFileReference section */

/* Begin PBXFrameworksBuildPhase section */
		D0624A61180460D800F88B2B /* Frameworks */ = {
			isa = PBXFrameworksBuildPhase;
			buildActionMask = 2147483647;
			files = (
				D0624A6A180460D800F88B2B /* CoreGraphics.framework in Frameworks */,
				D0624A6C180460D800F88B2B /* UIKit.framework in Frameworks */,
				D0624A68180460D800F88B2B /* Foundation.framework in Frameworks */,
			);
			runOnlyForDeploymentPostprocessing = 0;
		};
		D0624A85180460D800F88B2B /* Frameworks */ = {
			isa = PBXFrameworksBuildPhase;
			buildActionMask = 2147483647;
			files = (
				D0624A8A180460D800F88B2B /* XCTest.framework in Frameworks */,
				D0624A8C180460D800F88B2B /* UIKit.framework in Frameworks */,
				D0624A8B180460D800F88B2B /* Foundation.framework in Frameworks */,
			);
			runOnlyForDeploymentPostprocessing = 0;
		};
/* End PBXFrameworksBuildPhase section */

/* Begin PBXGroup section */
		D0624A5B180460D800F88B2B = {
			isa = PBXGroup;
			children = (
				D0624A6D180460D800F88B2B /* DynamicType */,
				D0624A66180460D800F88B2B /* Frameworks */,
				D0624A65180460D800F88B2B /* Products */,
			);
			sourceTree = "<group>";
		};
		D0624A65180460D800F88B2B /* Products */ = {
			isa = PBXGroup;
			children = (
				D0624A64180460D800F88B2B /* DynamicType.app */,
				D0624A88180460D800F88B2B /* DynamicTypeTests.xctest */,
			);
			name = Products;
			sourceTree = "<group>";
		};
		D0624A66180460D800F88B2B /* Frameworks */ = {
			isa = PBXGroup;
			children = (
				D0624A67180460D800F88B2B /* Foundation.framework */,
				D0624A69180460D800F88B2B /* CoreGraphics.framework */,
				D0624A6B180460D800F88B2B /* UIKit.framework */,
				D0624A89180460D800F88B2B /* XCTest.framework */,
			);
			name = Frameworks;
			sourceTree = "<group>";
		};
		D0624A6D180460D800F88B2B /* DynamicType */ = {
			isa = PBXGroup;
			children = (
				D0624A76180460D800F88B2B /* AppDelegate.h */,
				D0624A77180460D800F88B2B /* AppDelegate.m */,
				D0624A79180460D800F88B2B /* Main.storyboard */,
				D0624A7C180460D800F88B2B /* MasterViewController.h */,
				D0624A7D180460D800F88B2B /* MasterViewController.m */,
				D0624A7F180460D800F88B2B /* DetailViewController.h */,
				D0624A80180460D800F88B2B /* DetailViewController.m */,
				D0624A82180460D800F88B2B /* Images.xcassets */,
				D0624A6E180460D800F88B2B /* Supporting Files */,
			);
			path = DynamicType;
			sourceTree = "<group>";
		};
		D0624A6E180460D800F88B2B /* Supporting Files */ = {
			isa = PBXGroup;
			children = (
				D0624A6F180460D800F88B2B /* DynamicType-Info.plist */,
				D0624A70180460D800F88B2B /* InfoPlist.strings */,
				D0624A73180460D800F88B2B /* main.m */,
				D0624A75180460D800F88B2B /* DynamicType-Prefix.pch */,
			);
			name = "Supporting Files";
			sourceTree = "<group>";
		};
/* End PBXGroup section */

/* Begin PBXNativeTarget section */
		D0624A63180460D800F88B2B /* DynamicType */ = {
			isa = PBXNativeTarget;
			buildConfigurationList = D0624A99180460D800F88B2B /* Build configuration list for PBXNativeTarget "DynamicType" */;
			buildPhases = (
				D0624A60180460D800F88B2B /* Sources */,
				D0624A61180460D800F88B2B /* Frameworks */,
				D0624A62180460D800F88B2B /* Resources */,
			);
			buildRules = (
			);
			dependencies = (
			);
			name = DynamicType;
			productName = DynamicType;
			productReference = D0624A64180460D800F88B2B /* DynamicType.app */;
			productType = "com.apple.product-type.application";
		};
		D0624A87180460D800F88B2B /* DynamicTypeTests */ = {
			isa = PBXNativeTarget;
			buildConfigurationList = D0624A9C180460D800F88B2B /* Build configuration list for PBXNativeTarget "DynamicTypeTests" */;
			buildPhases = (
				D0624A84180460D800F88B2B /* Sources */,
				D0624A85180460D800F88B2B /* Frameworks */,
				D0624A86180460D800F88B2B /* Resources */,
			);
			buildRules = (
			);
			dependencies = (
				D0624A8E180460D800F88B2B /* PBXTargetDependency */,
			);
			name = DynamicTypeTests;
			productName = DynamicTypeTests;
			productReference = D0624A88180460D800F88B2B /* DynamicTypeTests.xctest */;
			productType = "com.apple.product-type.bundle.unit-test";
		};
/* End PBXNativeTarget section */

/* Begin PBXProject section */
		D0624A5C180460D800F88B2B /* Project object */ = {
			isa = PBXProject;
			attributes = {
				LastUpgradeCheck = 0500;
				ORGANIZATIONNAME = "";
				TargetAttributes = {
					D0624A87180460D800F88B2B = {
						TestTargetID = D0624A63180460D800F88B2B /* DynamicType */;
					};
				};
			};
			buildConfigurationList = D0624A5F180460D800F88B2B /* Build configuration list for PBXProject "DynamicType" */;
			compatibilityVersion = "Xcode 3.2";
			developmentRegion = English;
			hasScannedForEncodings = 0;
			knownRegions = (
				en,
				Base,
			);
			mainGroup = D0624A5B180460D800F88B2B;
			productRefGroup = D0624A65180460D800F88B2B /* Products */;
			projectDirPath = "";
			projectRoot = "";
			targets = (
				D0624A63180460D800F88B2B /* DynamicType */,
				D0624A87180460D800F88B2B /* DynamicTypeTests */,
			);
		};
/* End PBXProject section */

/* Begin PBXResourcesBuildPhase section */
		D0624A62180460D800F88B2B /* Resources */ = {
			isa = PBXResourcesBuildPhase;
			buildActionMask = 2147483647;
			files = (
				D0624A83180460D800F88B2B /* Images.xcassets in Resources */,
				D0624A72180460D800F88B2B /* InfoPlist.strings in Resources */,
				D0624A7B180460D800F88B2B /* Main.storyboard in Resources */,
			);
			runOnlyForDeploymentPostprocessing = 0;
		};
		D0624A86180460D800F88B2B /* Resources */ = {
			isa = PBXResourcesBuildPhase;
			buildActionMask = 2147483647;
			files = (
			);
			runOnlyForDeploymentPostprocessing = 0;
		};
/* End PBXResourcesBuildPhase section */

/* Begin PBXSourcesBuildPhase section */
		D0624A60180460D800F88B2B /* Sources */ = {
			isa = PBXSourcesBuildPhase;
			buildActionMask = 2147483647;
			files = (
				D0624A78180460D800F88B2B /* AppDelegate.m in Sources */,
				D0624A7E180460D800F88B2B /* MasterViewController.m in Sources */,
				D0624A74180460D800F88B2B /* main.m in Sources */,
				D0624A81180460D800F88B2B /* DetailViewController.m in Sources */,
			);
			runOnlyForDeploymentPostprocessing = 0;
		};
		D0624A84180460D800F88B2B /* Sources */ = {
			isa = PBXSourcesBuildPhase;
			buildActionMask = 2147483647;
			files = (
			);
			runOnlyForDeploymentPostprocessing = 0;
		};
/* End PBXSourcesBuildPhase section */

/* Begin PBXTargetDependency section */
		D0624A8E180460D800F88B2B /* PBXTargetDependency */ = {
			isa = PBXTargetDependency;
			target = D0624A63180460D800F88B2B /* DynamicType */;
			targetProxy = D0624A8D180460D800F88B2B /* PBXContainerItemProxy */;
		};
/* End PBXTargetDependency section */

/* Begin PBXVariantGroup section */
		D0624A70180460D800F88B2B /* InfoPlist.strings */ = {
			isa = PBXVariantGroup;
			children = (
				D0624A71180460D800F88B2B /* en */,
			);
			name = InfoPlist.strings;
			sourceTree = "<group>";
		};
		D0624A79180460D800F88B2B /* Main.storyboard */ = {
			isa = PBXVariantGroup;
			children = (
				D0624A7A180460D800F88B2B /* Base */,
			);
			name = Main.storyboard;
			sourceTree = "<group>";
		};
/* End PBXVariantGroup section */

/* Begin XCBuildConfiguration section */
		D0624A97180460D800F88B2B /* Debug */ = {
			isa = XCBuildConfiguration;
			buildSettings = {
				ALWAYS_SEARCH_USER_PATHS = NO;
				ARCHS = "$(ARCHS_STANDARD_INCLUDING_64_BIT)";
				CLANG_CXX_LANGUAGE_STANDARD = "gnu++0x";
				CLANG_CXX_LIBRARY = "libc++";
				CLANG_ENABLE_MODULES = YES;
				CLANG_ENABLE_OBJC_ARC = YES;
				CLANG_WARN_BOOL_CONVERSION = YES;
				CLANG_WARN_CONSTANT_CONVERSION = YES;
				CLANG_WARN_DIRECT_OBJC_ISA_USAGE = YES_ERROR;
				CLANG_WARN_EMPTY_BODY = YES;
				CLANG_WARN_ENUM_CONVERSION = YES;
				CLANG_WARN_INT_CONVERSION = YES;
				CLANG_WARN_OBJC_ROOT_CLASS = YES_ERROR;
				CLANG_WARN__DUPLICATE_METHOD_MATCH = YES;
				"CODE_SIGN_IDENTITY[sdk=iphoneos*]" = "iPhone Developer";
				COPY_PHASE_STRIP = NO;
				GCC_C_LANGUAGE_STANDARD = gnu99;
				GCC_DYNAMIC_NO_PIC = NO;
				GCC_OPTIMIZATION_LEVEL = 0;
				GCC_PREPROCESSOR_DEFINITIONS = (
					"DEBUG=1",
					"$(inherited)",
				);
				GCC_SYMBOLS_PRIVATE_EXTERN = NO;
				GCC_WARN_64_TO_32_BIT_CONVERSION = YES;
				GCC_WARN_ABOUT_RETURN_TYPE = YES_ERROR;
				GCC_WARN_UNDECLARED_SELECTOR = YES;
				GCC_WARN_UNINITIALIZED_AUTOS = YES;
				GCC_WARN_UNUSED_FUNCTION = YES;
				GCC_WARN_UNUSED_VARIABLE = YES;
				IPHONEOS_DEPLOYMENT_TARGET = 7.0;
				ONLY_ACTIVE_ARCH = YES;
				SDKROOT = iphoneos;
			};
			name = Debug;
		};
		D0624A98180460D800F88B2B /* Release */ = {
			isa = XCBuildConfiguration;
			buildSettings = {
				ALWAYS_SEARCH_USER_PATHS = NO;
				ARCHS = "$(ARCHS_STANDARD_INCLUDING_64_BIT)";
				CLANG_CXX_LANGUAGE_STANDARD = "gnu++0x";
				CLANG_CXX_LIBRARY = "libc++";
				CLANG_ENABLE_MODULES = YES;
				CLANG_ENABLE_OBJC_ARC = YES;
				CLANG_WARN_BOOL_CONVERSION = YES;
				CLANG_WARN_CONSTANT_CONVERSION = YES;
				CLANG_WARN_DIRECT_OBJC_ISA_USAGE = YES_ERROR;
				CLANG_WARN_EMPTY_BODY = YES;
				CLANG_WARN_ENUM_CONVERSION = YES;
				CLANG_WARN_INT_CONVERSION = YES;
				CLANG_WARN_OBJC_ROOT_CLASS = YES_ERROR;
				CLANG_WARN__DUPLICATE_METHOD_MATCH = YES;
				"CODE_SIGN_IDENTITY[sdk=iphoneos*]" = "iPhone Developer";
				COPY_PHASE_STRIP = YES;
				ENABLE_NS_ASSERTIONS = NO;
				GCC_C_LANGUAGE_STANDARD = gnu99;
				GCC_WARN_64_TO_32_BIT_CONVERSION = YES;
				GCC_WARN_ABOUT_RETURN_TYPE = YES_ERROR;
				GCC_WARN_UNDECLARED_SELECTOR = YES;
				GCC_WARN_UNINITIALIZED_AUTOS = YES;
				GCC_WARN_UNUSED_FUNCTION = YES;
				GCC_WARN_UNUSED_VARIABLE = YES;
				IPHONEOS_DEPLOYMENT_TARGET = 7.0;
				SDKROOT = iphoneos;
				VALIDATE_PRODUCT = YES;
			};
			name = Release;
		};
		D0624A9A180460D800F88B2B /* Debug */ = {
			isa = XCBuildConfiguration;
			buildSettings = {
				ASSETCATALOG_COMPILER_APPICON_NAME = AppIcon;
				ASSETCATALOG_COMPILER_LAUNCHIMAGE_NAME = LaunchImage;
				GCC_PRECOMPILE_PREFIX_HEADER = YES;
				GCC_PREFIX_HEADER = "DynamicType/DynamicType-Prefix.pch";
				INFOPLIST_FILE = "DynamicType/DynamicType-Info.plist";
				PRODUCT_NAME = "$(TARGET_NAME)";
				WRAPPER_EXTENSION = app;
			};
			name = Debug;
		};
		D0624A9B180460D800F88B2B /* Release */ = {
			isa = XCBuildConfiguration;
			buildSettings = {
				ASSETCATALOG_COMPILER_APPICON_NAME = AppIcon;
				ASSETCATALOG_COMPILER_LAUNCHIMAGE_NAME = LaunchImage;
				GCC_PRECOMPILE_PREFIX_HEADER = YES;
				GCC_PREFIX_HEADER = "DynamicType/DynamicType-Prefix.pch";
				INFOPLIST_FILE = "DynamicType/DynamicType-Info.plist";
				PRODUCT_NAME = "$(TARGET_NAME)";
				WRAPPER_EXTENSION = app;
			};
			name = Release;
		};
		D0624A9D180460D800F88B2B /* Debug */ = {
			isa = XCBuildConfiguration;
			buildSettings = {
				ARCHS = "$(ARCHS_STANDARD_INCLUDING_64_BIT)";
				BUNDLE_LOADER = "$(BUILT_PRODUCTS_DIR)/DynamicType.app/DynamicType";
				FRAMEWORK_SEARCH_PATHS = (
					"$(SDKROOT)/Developer/Library/Frameworks",
					"$(inherited)",
					"$(DEVELOPER_FRAMEWORKS_DIR)",
				);
				GCC_PRECOMPILE_PREFIX_HEADER = YES;
				GCC_PREFIX_HEADER = "DynamicType/DynamicType-Prefix.pch";
				GCC_PREPROCESSOR_DEFINITIONS = (
					"DEBUG=1",
					"$(inherited)",
				);
				INFOPLIST_FILE = "DynamicTypeTests/DynamicTypeTests-Info.plist";
				PRODUCT_NAME = "$(TARGET_NAME)";
				TEST_HOST = "$(BUNDLE_LOADER)";
				WRAPPER_EXTENSION = xctest;
			};
			name = Debug;
		};
		D0624A9E180460D800F88B2B /* Release */ = {
			isa = XCBuildConfiguration;
			buildSettings = {
				ARCHS = "$(ARCHS_STANDARD_INCLUDING_64_BIT)";
				BUNDLE_LOADER = "$(BUILT_PRODUCTS_DIR)/DynamicType.app/DynamicType";
				FRAMEWORK_SEARCH_PATHS = (
					"$(SDKROOT)/Developer/Library/Frameworks",
					"$(inherited)",
					"$(DEVELOPER_FRAMEWORKS_DIR)",
				);
				GCC_PRECOMPILE_PREFIX_HEADER = YES;
				GCC_PREFIX_HEADER = "DynamicType/DynamicType-Prefix.pch";
				INFOPLIST_FILE = "DynamicTypeTests/DynamicTypeTests-Info.plist";
				PRODUCT_NAME = "$(TARGET_NAME)";
				TEST_HOST = "$(BUNDLE_LOADER)";
				WRAPPER_EXTENSION = xctest;
			};
			name = Release;
		};
/* End XCBuildConfiguration section */

/* Begin XCConfigurationList section */
		D0624A5F180460D800F88B2B /* Build configuration list for PBXProject "DynamicType" */ = {
			isa = XCConfigurationList;
			buildConfigurations = (
				D0624A97180460D800F88B2B /* Debug */,
				D0624A98180460D800F88B2B /* Release */,
			);
			defaultConfigurationIsVisible = 0;
			defaultConfigurationName = Release;
		};
		D0624A99180460D800F88B2B /* Build configuration list for PBXNativeTarget "DynamicType" */ = {
			isa = XCConfigurationList;
			buildConfigurations = (
				D0624A9A180460D800F88B2B /* Debug */,
				D0624A9B180460D800F88B2B /* Release */,
			);
			defaultConfigurationIsVisible = 0;
		};
		D0624A9C180460D800F88B2B /* Build configuration list for PBXNativeTarget "DynamicTypeTests" */ = {
			isa = XCConfigurationList;
			buildConfigurations = (
				D0624A9D180460D800F88B2B /* Debug */,
				D0624A9E180460D800F88B2B /* Release */,
			);
			defaultConfigurationIsVisible = 0;
		};
/* End XCConfigurationList section */
	};
	rootObject = D0624A5C180460D800F88B2B /* Project object */;
}
